{
  "lockfile_version": 1,
  "plugins": {
    "codex/agent-discipline": "181cb85e1aec6e4a246169a0a194c59fd39ba1db659b0bfd623ed16f9aa8cbb0",
    "codex/block-curl-pipe-sh": "f28550e62dc3253f4d5b7d7c845272ccb9445882e3c65c6ec5116d6124435542",
    "codex/block-destructive-commands": "ede9282cf2593d73c6657f9fefc6a97a6ebc19aefe73dfd579c845a86350664e",
    "codex/block-invisible-unicode": "d986ecf805d8896259a1111f49b9300b776e1e0f1e82046dea291717a66ee180",
    "codex/block-no-verify": "e6f52c620bb389b596e38fd1367f75b3070269a31834dab9a653c9660fb87803",
    "codex/block-test-skips": "01dba6c4599269d737cd88846bf14dcda2143edec949c8433bb52c2ef62bc7bf",
    "codex/block-unapproved-egress": "b9b6d7fdc29a8ccf778aa60623a0c0b6c6b9378c7e7e6c05d1b548fbe36297b3",
    "codex/block-unguarded-agent-spawn": "60113ea892fdcef4e7e886c67b57eb47681afc1a632aa78358c4d5668991bd4c",
    "codex/block-wildcard-agent-permissions": "dce200bfc2305ec1a183b6944df6c08a8e31dad8ab888db98cf052d42feb7727",
    "codex/chock-mise": "0cfffebaeff1eca81d5316212f6c7b37689fbfa2b2886e6a4a1e75e84ec95b69",
    "codex/code-safety": "f797601a2537bd5cabde99cfbf7e40657251a889c0fb226332e832927335ee95",
    "codex/context-hygiene": "0b16a021e14b1be94e991a177aaed24f7fdbf8e48406b80ec0e92ed9f1c2f215",
    "codex/firecrawl-fallback-only": "3a97c3d683e23d9fef85273dd77df03b9c5e9d613390a5d03b763a32bc7def5f",
    "codex/git-safety": "6e67c09e8a205a9e737be41fdd47aab9f020cafcb4bc98271aefb0f5ca7ab188",
    "codex/guard-memory-writes": "26f0e9dbd8f5a553cc1c250fd41e5be0814ac7b8d0ab886ce4807f402544e4ba",
    "codex/injection-defense": "5b3bb0b8b6ad4f797e33925fc7ab799d848cbd2b6f6d765b891ed6b45325bcd2",
    "codex/java-security": "89ed6fdb7d2004857edb138954e49a92a9f179d84f0115fa31c791049e92ebe4",
    "codex/limit-diff-size": "28c803a1782d791af76402a3aeb6c09843ea6f60519c399a6df610224906efbf",
    "codex/memory-discipline": "30f7ea10e069246b0d166b67052017b05407c017b651239662ed319f75e62644",
    "codex/no-a11y-regression": "9a1fa42337bae39ca5001b8e31071f1f32d691597317215a43d3c50b1be8d680",
    "codex/pin-github-actions": "e138366a357766fc05cdf2eb9aba3c1ca43c004f6836332ba8bc183930f1b055",
    "codex/protect-agent-config": "97d2865954ce8bdeee861e8055f3f9781d284f989f1f41730f8150d84ee94083",
    "codex/protect-ci-workflows": "1b2512523ebc9c1a4b85bc80898a3708be6f4bfd09d690aec349cfd3b78914ef",
    "codex/protect-commit-privacy": "85546ad459cac520dcbcd3be933a37f32c755fb2cf9414e18033246de5a57372",
    "codex/protect-main-branch": "783e6b332bbcef911ace182fd3008036510cb266fbfc90ee9c5501ef8e9c82a7",
    "codex/protect-test-integrity": "73defd4b408593e28c6e53e2944412de7b5e0ca01e46eeb6b5b3339b98943567",
    "codex/rtk-dangerous-actions-blocker": "70533c9bc0203ea0ade4da1adc0d06cd45ff65e804d73f00f232bdbec8705437",
    "codex/scan-secrets": "d88d9720ffe4d587402def2705bd91bc6a23c133c50371d210149a34989434ed",
    "codex/token-efficiency": "4689e9f566c32b7f4e8da6ebbd1b8e7289b1f5bb5def2c3ddabfaba3b330acc4",
    "codex/verify-dependency-exists": "822e76aecd8194e0df6d7ae9e741bc68383bc34a3eaddb5d491e4ccb9209473e",
    "codex/verify-mcp-allowlist": "0016a771db1143ca5ca195827fc2ebf0f284c56c893b8dfeeebb3bce23cba23a",
    "docs/assets": "198f5af0b65cf2c151852886cdfb37ffc81ac211423df0a9c87c95491919ddf1"
  }
}
