{
  "lockfile_version": 1,
  "plugins": {
    "codex/agent-discipline": "66667cb4dba159c041dfe5710c5e2194a307dd3ba2ea3b46479b67bdc8e62d01",
    "codex/block-curl-pipe-sh": "255251a00632acbfe7f300eacc16007b8e01410d1a01aa4bc8da0c69f7e65a32",
    "codex/block-destructive-commands": "31960f1f494d63484dc7e0abad1d329866c2b5f49abd5d85accb73e284fc217f",
    "codex/block-invisible-unicode": "0e4565e12a8954887b4161949424ebdbee2fd276c76f0cdeaa4497cbe64d1f49",
    "codex/block-no-verify": "dd811e08ee0dd3eae7f69d0d8888f8fc6e52c5cf644682482dfc1b2ea2bf999b",
    "codex/block-unapproved-egress": "43d8b16ec5c18157c20ce367de908dc88612037f1abcc710a850e2c0dea7a05b",
    "codex/block-wildcard-agent-permissions": "9aac85ba709b2b00629f0ddc7a8980b9650d1486e3ef8d9bba7daf6666172975",
    "codex/chock-mise": "d55e08a091a1d73d36a75213043ae64af917d94c516574e1abcdb5f269f1701e",
    "codex/code-safety": "382ab141e20209f12174b4fda6895f28418391b20d6b68d503481c6043a1429a",
    "codex/context-hygiene": "43ee5e3ebb07e2e0eab5d0b0dbd374555bdf6b4e778a62ca9c984b7a8097f200",
    "codex/git-safety": "104c0052e260636c13c1086a202e92a2b6f8d45b882834a0d0313093430b2c9a",
    "codex/injection-defense": "4693900df0ba5ccf9fc5d419ae2e4bc81ff48a9fda65a5d713bffb9bf9beb443",
    "codex/memory-discipline": "3070fce32d0511eb2043afbe43687aa604fcd321dc51060c081ec80f7dfff14f",
    "codex/pin-github-actions": "ab671b7fa66440310f6016574aa6a44302f814e8dba461b829400f073f9bbf36",
    "codex/protect-agent-config": "4f4adae2cca7676181f4271589d91cfb09aaf8efba348565a75933c77532aa49",
    "codex/protect-ci-workflows": "87de52f243bdb5b66ddee0f1a99c4a51aab5252fb4e26a392aa70c11bbef1676",
    "codex/protect-commit-privacy": "f00752a38709b73c15135da8f3b4959b6b85d87e0feefb9ba191498515667de4",
    "codex/protect-main-branch": "2f9eb6f67e761edfa5fbf23d5e4f6b60530dbddd34aae861696d410c154c9a0a",
    "codex/scan-secrets": "cae40d71016112edc4483ea6bd527c48401b681ccd4577f80ccccbe49bd3e4bd",
    "codex/token-efficiency": "b9d1d5a526252f26c602b2f7bfef52f942fde9f717bcc9813e897d7c2c2e8823",
    "codex/verify-dependency-exists": "6119380b76165b69e5bf21084c647320263e8aae119098b27ff51f3a088ce637",
    "docs/assets": "198f5af0b65cf2c151852886cdfb37ffc81ac211423df0a9c87c95491919ddf1"
  }
}
